
Microsoft Visual Studio Solution File, Format Version 12.00
# Visual Studio Version 16
VisualStudioVersion = 16.0.30717.126
MinimumVisualStudioVersion = 10.0.40219.1
Project("{FAE04EC0-301F-11D3-BF4B-00C04F79EFBC}") = "Qwirkle_WPF", "Qwirkle_WPF\Qwirkle_WPF.csproj", "{1F901579-24C6-42EA-B50E-D3BB82D49E4B}"
EndProject
Project("{FAE04EC0-301F-11D3-BF4B-00C04F79EFBC}") = "Qwirkle_WPF_UnitTests", "Qwirkle_WPF_UnitTests\Qwirkle_WPF_UnitTests.csproj", "{6887DB0F-FFDF-4E9E-884F-384FB7DC9E39}"
EndProject
Global
	GlobalSection(SolutionConfigurationPlatforms) = preSolution
		Debug|Any CPU = Debug|Any CPU
		Release|Any CPU = Release|Any CPU
	EndGlobalSection
	GlobalSection(ProjectConfigurationPlatforms) = postSolution
		{1F901579-24C6-42EA-B50E-D3BB82D49E4B}.Debug|Any CPU.ActiveCfg = Debug|Any CPU
		{1F901579-24C6-42EA-B50E-D3BB82D49E4B}.Debug|Any CPU.Build.0 = Debug|Any CPU
		{1F901579-24C6-42EA-B50E-D3BB82D49E4B}.Release|Any CPU.ActiveCfg = Release|Any CPU
		{1F901579-24C6-42EA-B50E-D3BB82D49E4B}.Release|Any CPU.Build.0 = Release|Any CPU
		{6887DB0F-FFDF-4E9E-884F-384FB7DC9E39}.Debug|Any CPU.ActiveCfg = Debug|Any CPU
		{6887DB0F-FFDF-4E9E-884F-384FB7DC9E39}.Debug|Any CPU.Build.0 = Debug|Any CPU
		{6887DB0F-FFDF-4E9E-884F-384FB7DC9E39}.Release|Any CPU.ActiveCfg = Release|Any CPU
		{6887DB0F-FFDF-4E9E-884F-384FB7DC9E39}.Release|Any CPU.Build.0 = Release|Any CPU
	EndGlobalSection
	GlobalSection(SolutionProperties) = preSolution
		HideSolutionNode = FALSE
	EndGlobalSection
	GlobalSection(ExtensibilityGlobals) = postSolution
		SolutionGuid = {0B3340B3-DFAC-42C9-B701-B23CB24B5BD0}
	EndGlobalSection
EndGlobal
